
Microsoft Visual Studio Solution File, Format Version 12.00
# Visual Studio Version 17
VisualStudioVersion = 17.5.33502.453
MinimumVisualStudioVersion = 10.0.40219.1
Project("{FAE04EC0-301F-11D3-BF4B-00C04F79EFBC}") = "None Romance Left Beef", "Source\None Romance Left Beef.csproj", "{54CAA3F2-1708-4079-BD7B-431041B29B9B}"
EndProject
Project("{2150E333-8FDC-42A3-9474-1A3956D46DE8}") = "Solution Items", "Solution Items", "{B0DB73C7-48C0-473B-8EB0-AA09FA5F9F28}"
	ProjectSection(SolutionItems) = preProject
		About\About.xml = About\About.xml
		Languages\English\Keyed\KeyedStrings.xml = Languages\English\Keyed\KeyedStrings.xml
	EndProjectSection
EndProject
Global
	GlobalSection(SolutionConfigurationPlatforms) = preSolution
		1.4|Any CPU = 1.4|Any CPU
		1.5|Any CPU = 1.5|Any CPU
	EndGlobalSection
	GlobalSection(ProjectConfigurationPlatforms) = postSolution
		{54CAA3F2-1708-4079-BD7B-431041B29B9B}.1.4|Any CPU.ActiveCfg = 1.4|Any CPU
		{54CAA3F2-1708-4079-BD7B-431041B29B9B}.1.4|Any CPU.Build.0 = 1.4|Any CPU
		{54CAA3F2-1708-4079-BD7B-431041B29B9B}.1.5|Any CPU.ActiveCfg = 1.5|Any CPU
		{54CAA3F2-1708-4079-BD7B-431041B29B9B}.1.5|Any CPU.Build.0 = 1.5|Any CPU
	EndGlobalSection
	GlobalSection(SolutionProperties) = preSolution
		HideSolutionNode = FALSE
	EndGlobalSection
	GlobalSection(ExtensibilityGlobals) = postSolution
		SolutionGuid = {F70848CB-B8EA-4552-8316-00FFC133B75F}
	EndGlobalSection
EndGlobal
